// !$*UTF8*$!
{
	archiveVersion = 1;
	classes = {
	};
	objectVersion = 46;
	objects = {

/* Begin PBXBuildFile section */
		ADAC7D1B1BFC57F5002781EB /* .travis.yml in Resources */ = {isa = PBXBuildFile; fileRef = ADAC7D1A1BFC57F5002781EB /* .travis.yml */; };
		ADD7A4A11BFC4684007230BA /* AppDelegate.swift in Sources */ = {isa = PBXBuildFile; fileRef = ADD7A4A01BFC4684007230BA /* AppDelegate.swift */; };
		ADD7A4A31BFC4684007230BA /* ViewController.swift in Sources */ = {isa = PBXBuildFile; fileRef = ADD7A4A21BFC4684007230BA /* ViewController.swift */; };
		ADD7A4A61BFC4684007230BA /* Main.storyboard in Resources */ = {isa = PBXBuildFile; fileRef = ADD7A4A41BFC4684007230BA /* Main.storyboard */; };
		ADD7A4A81BFC4684007230BA /* Assets.xcassets in Resources */ = {isa = PBXBuildFile; fileRef = ADD7A4A71BFC4684007230BA /* Assets.xcassets */; };
		ADD7A4AB1BFC4684007230BA /* LaunchScreen.storyboard in Resources */ = {isa = PBXBuildFile; fileRef = ADD7A4A91BFC4684007230BA /* LaunchScreen.storyboard */; };
		ADD7A4C11BFC4685007230BA /* CheckForPrimeUITests.swift in Sources */ = {isa = PBXBuildFile; fileRef = ADD7A4C01BFC4685007230BA /* CheckForPrimeUITests.swift */; };
		ADD7A4D11BFC46E7007230BA /* TestsForUtil.swift in Sources */ = {isa = PBXBuildFile; fileRef = ADD7A4D01BFC46E7007230BA /* TestsForUtil.swift */; };
		ADD7A4D31BFC4764007230BA /* Util.swift in Sources */ = {isa = PBXBuildFile; fileRef = ADD7A4D21BFC4764007230BA /* Util.swift */; };
		ADD7A4D41BFC4764007230BA /* Util.swift in Sources */ = {isa = PBXBuildFile; fileRef = ADD7A4D21BFC4764007230BA /* Util.swift */; };
/* End PBXBuildFile section */

/* Begin PBXContainerItemProxy section */
		ADD7A4B21BFC4684007230BA /* PBXContainerItemProxy */ = {
			isa = PBXContainerItemProxy;
			containerPortal = ADD7A4951BFC4684007230BA /* Project object */;
			proxyType = 1;
			remoteGlobalIDString = ADD7A49C1BFC4684007230BA;
			remoteInfo = CheckForPrime;
		};
		ADD7A4BD1BFC4685007230BA /* PBXContainerItemProxy */ = {
			isa = PBXContainerItemProxy;
			containerPortal = ADD7A4951BFC4684007230BA /* Project object */;
			proxyType = 1;
			remoteGlobalIDString = ADD7A49C1BFC4684007230BA;
			remoteInfo = CheckForPrime;
		};
/* End PBXContainerItemProxy section */

/* Begin PBXFileReference section */
		ADAC7D1A1BFC57F5002781EB /* .travis.yml */ = {isa = PBXFileReference; fileEncoding = 4; lastKnownFileType = text; path = .travis.yml; sourceTree = "<group>"; };
		ADD7A49D1BFC4684007230BA /* CheckForPrime.app */ = {isa = PBXFileReference; explicitFileType = wrapper.application; includeInIndex = 0; path = CheckForPrime.app; sourceTree = BUILT_PRODUCTS_DIR; };
		ADD7A4A01BFC4684007230BA /* AppDelegate.swift */ = {isa = PBXFileReference; lastKnownFileType = sourcecode.swift; path = AppDelegate.swift; sourceTree = "<group>"; };
		ADD7A4A21BFC4684007230BA /* ViewController.swift */ = {isa = PBXFileReference; lastKnownFileType = sourcecode.swift; path = ViewController.swift; sourceTree = "<group>"; };
		ADD7A4A51BFC4684007230BA /* Base */ = {isa = PBXFileReference; lastKnownFileType = file.storyboard; name = Base; path = Base.lproj/Main.storyboard; sourceTree = "<group>"; };
		ADD7A4A71BFC4684007230BA /* Assets.xcassets */ = {isa = PBXFileReference; lastKnownFileType = folder.assetcatalog; path = Assets.xcassets; sourceTree = "<group>"; };
		ADD7A4AA1BFC4684007230BA /* Base */ = {isa = PBXFileReference; lastKnownFileType = file.storyboard; name = Base; path = Base.lproj/LaunchScreen.storyboard; sourceTree = "<group>"; };
		ADD7A4AC1BFC4684007230BA /* Info.plist */ = {isa = PBXFileReference; lastKnownFileType = text.plist.xml; path = Info.plist; sourceTree = "<group>"; };
		ADD7A4B11BFC4684007230BA /* CheckForPrimeTests.xctest */ = {isa = PBXFileReference; explicitFileType = wrapper.cfbundle; includeInIndex = 0; path = CheckForPrimeTests.xctest; sourceTree = BUILT_PRODUCTS_DIR; };
		ADD7A4B71BFC4684007230BA /* Info.plist */ = {isa = PBXFileReference; lastKnownFileType = text.plist.xml; path = Info.plist; sourceTree = "<group>"; };
		ADD7A4BC1BFC4685007230BA /* CheckForPrimeUITests.xctest */ = {isa = PBXFileReference; explicitFileType = wrapper.cfbundle; includeInIndex = 0; path = CheckForPrimeUITests.xctest; sourceTree = BUILT_PRODUCTS_DIR; };
		ADD7A4C01BFC4685007230BA /* CheckForPrimeUITests.swift */ = {isa = PBXFileReference; lastKnownFileType = sourcecode.swift; path = CheckForPrimeUITests.swift; sourceTree = "<group>"; };
		ADD7A4C21BFC4685007230BA /* Info.plist */ = {isa = PBXFileReference; lastKnownFileType = text.plist.xml; path = Info.plist; sourceTree = "<group>"; };
		ADD7A4D01BFC46E7007230BA /* TestsForUtil.swift */ = {isa = PBXFileReference; fileEncoding = 4; lastKnownFileType = sourcecode.swift; path = TestsForUtil.swift; sourceTree = "<group>"; };
		ADD7A4D21BFC4764007230BA /* Util.swift */ = {isa = PBXFileReference; fileEncoding = 4; lastKnownFileType = sourcecode.swift; path = Util.swift; sourceTree = "<group>"; };
/* End PBXFileReference section */

/* Begin PBXFrameworksBuildPhase section */
		ADD7A49A1BFC4684007230BA /* Frameworks */ = {
			isa = PBXFrameworksBuildPhase;
			buildActionMask = 2147483647;
			files = (
			);
			runOnlyForDeploymentPostprocessing = 0;
		};
		ADD7A4AE1BFC4684007230BA /* Frameworks */ = {
			isa = PBXFrameworksBuildPhase;
			buildActionMask = 2147483647;
			files = (
			);
			runOnlyForDeploymentPostprocessing = 0;
		};
		ADD7A4B91BFC4684007230BA /* Frameworks */ = {
			isa = PBXFrameworksBuildPhase;
			buildActionMask = 2147483647;
			files = (
			);
			runOnlyForDeploymentPostprocessing = 0;
		};
/* End PBXFrameworksBuildPhase section */

/* Begin PBXGroup section */
		ADD7A4941BFC4684007230BA = {
			isa = PBXGroup;
			children = (
				ADAC7D1A1BFC57F5002781EB /* .travis.yml */,
				ADD7A49F1BFC4684007230BA /* CheckForPrime */,
				ADD7A4B41BFC4684007230BA /* CheckForPrimeTests */,
				ADD7A4BF1BFC4685007230BA /* CheckForPrimeUITests */,
				ADD7A49E1BFC4684007230BA /* Products */,
			);
			sourceTree = "<group>";
		};
		ADD7A49E1BFC4684007230BA /* Products */ = {
			isa = PBXGroup;
			children = (
				ADD7A49D1BFC4684007230BA /* CheckForPrime.app */,
				ADD7A4B11BFC4684007230BA /* CheckForPrimeTests.xctest */,
				ADD7A4BC1BFC4685007230BA /* CheckForPrimeUITests.xctest */,
			);
			name = Products;
			sourceTree = "<group>";
		};
		ADD7A49F1BFC4684007230BA /* CheckForPrime */ = {
			isa = PBXGroup;
			children = (
				ADD7A4A01BFC4684007230BA /* AppDelegate.swift */,
				ADD7A4A21BFC4684007230BA /* ViewController.swift */,
				ADD7A4A41BFC4684007230BA /* Main.storyboard */,
				ADD7A4A71BFC4684007230BA /* Assets.xcassets */,
				ADD7A4A91BFC4684007230BA /* LaunchScreen.storyboard */,
				ADD7A4AC1BFC4684007230BA /* Info.plist */,
				ADD7A4D21BFC4764007230BA /* Util.swift */,
			);
			path = CheckForPrime;
			sourceTree = "<group>";
		};
		ADD7A4B41BFC4684007230BA /* CheckForPrimeTests */ = {
			isa = PBXGroup;
			children = (
				ADD7A4B71BFC4684007230BA /* Info.plist */,
				ADD7A4D01BFC46E7007230BA /* TestsForUtil.swift */,
			);
			path = CheckForPrimeTests;
			sourceTree = "<group>";
		};
		ADD7A4BF1BFC4685007230BA /* CheckForPrimeUITests */ = {
			isa = PBXGroup;
			children = (
				ADD7A4C01BFC4685007230BA /* CheckForPrimeUITests.swift */,
				ADD7A4C21BFC4685007230BA /* Info.plist */,
			);
			path = CheckForPrimeUITests;
			sourceTree = "<group>";
		};
/* End PBXGroup section */

/* Begin PBXNativeTarget section */
		ADD7A49C1BFC4684007230BA /* CheckForPrime */ = {
			isa = PBXNativeTarget;
			buildConfigurationList = ADD7A4C51BFC4685007230BA /* Build configuration list for PBXNativeTarget "CheckForPrime" */;
			buildPhases = (
				ADD7A4991BFC4684007230BA /* Sources */,
				ADD7A49A1BFC4684007230BA /* Frameworks */,
				ADD7A49B1BFC4684007230BA /* Resources */,
			);
			buildRules = (
			);
			dependencies = (
			);
			name = CheckForPrime;
			productName = CheckForPrime;
			productReference = ADD7A49D1BFC4684007230BA /* CheckForPrime.app */;
			productType = "com.apple.product-type.application";
		};
		ADD7A4B01BFC4684007230BA /* CheckForPrimeTests */ = {
			isa = PBXNativeTarget;
			buildConfigurationList = ADD7A4C81BFC4685007230BA /* Build configuration list for PBXNativeTarget "CheckForPrimeTests" */;
			buildPhases = (
				ADD7A4AD1BFC4684007230BA /* Sources */,
				ADD7A4AE1BFC4684007230BA /* Frameworks */,
				ADD7A4AF1BFC4684007230BA /* Resources */,
			);
			buildRules = (
			);
			dependencies = (
				ADD7A4B31BFC4684007230BA /* PBXTargetDependency */,
			);
			name = CheckForPrimeTests;
			productName = CheckForPrimeTests;
			productReference = ADD7A4B11BFC4684007230BA /* CheckForPrimeTests.xctest */;
			productType = "com.apple.product-type.bundle.unit-test";
		};
		ADD7A4BB1BFC4684007230BA /* CheckForPrimeUITests */ = {
			isa = PBXNativeTarget;
			buildConfigurationList = ADD7A4CB1BFC4685007230BA /* Build configuration list for PBXNativeTarget "CheckForPrimeUITests" */;
			buildPhases = (
				ADD7A4B81BFC4684007230BA /* Sources */,
				ADD7A4B91BFC4684007230BA /* Frameworks */,
				ADD7A4BA1BFC4684007230BA /* Resources */,
			);
			buildRules = (
			);
			dependencies = (
				ADD7A4BE1BFC4685007230BA /* PBXTargetDependency */,
			);
			name = CheckForPrimeUITests;
			productName = CheckForPrimeUITests;
			productReference = ADD7A4BC1BFC4685007230BA /* CheckForPrimeUITests.xctest */;
			productType = "com.apple.product-type.bundle.ui-testing";
		};
/* End PBXNativeTarget section */

/* Begin PBXProject section */
		ADD7A4951BFC4684007230BA /* Project object */ = {
			isa = PBXProject;
			attributes = {
				LastSwiftUpdateCheck = 0710;
				LastUpgradeCheck = 0710;
				ORGANIZATIONNAME = Alex;
				TargetAttributes = {
					ADD7A49C1BFC4684007230BA = {
						CreatedOnToolsVersion = 7.1;
					};
					ADD7A4B01BFC4684007230BA = {
						CreatedOnToolsVersion = 7.1;
						TestTargetID = ADD7A49C1BFC4684007230BA;
					};
					ADD7A4BB1BFC4684007230BA = {
						CreatedOnToolsVersion = 7.1;
						TestTargetID = ADD7A49C1BFC4684007230BA;
					};
				};
			};
			buildConfigurationList = ADD7A4981BFC4684007230BA /* Build configuration list for PBXProject "CheckForPrime" */;
			compatibilityVersion = "Xcode 3.2";
			developmentRegion = English;
			hasScannedForEncodings = 0;
			knownRegions = (
				en,
				Base,
			);
			mainGroup = ADD7A4941BFC4684007230BA;
			productRefGroup = ADD7A49E1BFC4684007230BA /* Products */;
			projectDirPath = "";
			projectRoot = "";
			targets = (
				ADD7A49C1BFC4684007230BA /* CheckForPrime */,
				ADD7A4B01BFC4684007230BA /* CheckForPrimeTests */,
				ADD7A4BB1BFC4684007230BA /* CheckForPrimeUITests */,
			);
		};
/* End PBXProject section */

/* Begin PBXResourcesBuildPhase section */
		ADD7A49B1BFC4684007230BA /* Resources */ = {
			isa = PBXResourcesBuildPhase;
			buildActionMask = 2147483647;
			files = (
				ADD7A4AB1BFC4684007230BA /* LaunchScreen.storyboard in Resources */,
				ADD7A4A81BFC4684007230BA /* Assets.xcassets in Resources */,
				ADAC7D1B1BFC57F5002781EB /* .travis.yml in Resources */,
				ADD7A4A61BFC4684007230BA /* Main.storyboard in Resources */,
			);
			runOnlyForDeploymentPostprocessing = 0;
		};
		ADD7A4AF1BFC4684007230BA /* Resources */ = {
			isa = PBXResourcesBuildPhase;
			buildActionMask = 2147483647;
			files = (
			);
			runOnlyForDeploymentPostprocessing = 0;
		};
		ADD7A4BA1BFC4684007230BA /* Resources */ = {
			isa = PBXResourcesBuildPhase;
			buildActionMask = 2147483647;
			files = (
			);
			runOnlyForDeploymentPostprocessing = 0;
		};
/* End PBXResourcesBuildPhase section */

/* Begin PBXSourcesBuildPhase section */
		ADD7A4991BFC4684007230BA /* Sources */ = {
			isa = PBXSourcesBuildPhase;
			buildActionMask = 2147483647;
			files = (
				ADD7A4A31BFC4684007230BA /* ViewController.swift in Sources */,
				ADD7A4D31BFC4764007230BA /* Util.swift in Sources */,
				ADD7A4A11BFC4684007230BA /* AppDelegate.swift in Sources */,
			);
			runOnlyForDeploymentPostprocessing = 0;
		};
		ADD7A4AD1BFC4684007230BA /* Sources */ = {
			isa = PBXSourcesBuildPhase;
			buildActionMask = 2147483647;
			files = (
				ADD7A4D41BFC4764007230BA /* Util.swift in Sources */,
				ADD7A4D11BFC46E7007230BA /* TestsForUtil.swift in Sources */,
			);
			runOnlyForDeploymentPostprocessing = 0;
		};
		ADD7A4B81BFC4684007230BA /* Sources */ = {
			isa = PBXSourcesBuildPhase;
			buildActionMask = 2147483647;
			files = (
				ADD7A4C11BFC4685007230BA /* CheckForPrimeUITests.swift in Sources */,
			);
			runOnlyForDeploymentPostprocessing = 0;
		};
/* End PBXSourcesBuildPhase section */

/* Begin PBXTargetDependency section */
		ADD7A4B31BFC4684007230BA /* PBXTargetDependency */ = {
			isa = PBXTargetDependency;
			target = ADD7A49C1BFC4684007230BA /* CheckForPrime */;
			targetProxy = ADD7A4B21BFC4684007230BA /* PBXContainerItemProxy */;
		};
		ADD7A4BE1BFC4685007230BA /* PBXTargetDependency */ = {
			isa = PBXTargetDependency;
			target = ADD7A49C1BFC4684007230BA /* CheckForPrime */;
			targetProxy = ADD7A4BD1BFC4685007230BA /* PBXContainerItemProxy */;
		};
/* End PBXTargetDependency section */

/* Begin PBXVariantGroup section */
		ADD7A4A41BFC4684007230BA /* Main.storyboard */ = {
			isa = PBXVariantGroup;
			children = (
				ADD7A4A51BFC4684007230BA /* Base */,
			);
			name = Main.storyboard;
			sourceTree = "<group>";
		};
		ADD7A4A91BFC4684007230BA /* LaunchScreen.storyboard */ = {
			isa = PBXVariantGroup;
			children = (
				ADD7A4AA1BFC4684007230BA /* Base */,
			);
			name = LaunchScreen.storyboard;
			sourceTree = "<group>";
		};
/* End PBXVariantGroup section */

/* Begin XCBuildConfiguration section */
		ADD7A4C31BFC4685007230BA /* Debug */ = {
			isa = XCBuildConfiguration;
			buildSettings = {
				ALWAYS_SEARCH_USER_PATHS = NO;
				CLANG_CXX_LANGUAGE_STANDARD = "gnu++0x";
				CLANG_CXX_LIBRARY = "libc++";
				CLANG_ENABLE_MODULES = YES;
				CLANG_ENABLE_OBJC_ARC = YES;
				CLANG_WARN_BOOL_CONVERSION = YES;
				CLANG_WARN_CONSTANT_CONVERSION = YES;
				CLANG_WARN_DIRECT_OBJC_ISA_USAGE = YES_ERROR;
				CLANG_WARN_EMPTY_BODY = YES;
				CLANG_WARN_ENUM_CONVERSION = YES;
				CLANG_WARN_INT_CONVERSION = YES;
				CLANG_WARN_OBJC_ROOT_CLASS = YES_ERROR;
				CLANG_WARN_UNREACHABLE_CODE = YES;
				CLANG_WARN__DUPLICATE_METHOD_MATCH = YES;
				"CODE_SIGN_IDENTITY[sdk=iphoneos*]" = "iPhone Developer";
				COPY_PHASE_STRIP = NO;
				DEBUG_INFORMATION_FORMAT = dwarf;
				ENABLE_STRICT_OBJC_MSGSEND = YES;
				ENABLE_TESTABILITY = YES;
				GCC_C_LANGUAGE_STANDARD = gnu99;
				GCC_DYNAMIC_NO_PIC = NO;
				GCC_NO_COMMON_BLOCKS = YES;
				GCC_OPTIMIZATION_LEVEL = 0;
				GCC_PREPROCESSOR_DEFINITIONS = (
					"DEBUG=1",
					"$(inherited)",
				);
				GCC_WARN_64_TO_32_BIT_CONVERSION = YES;
				GCC_WARN_ABOUT_RETURN_TYPE = YES_ERROR;
				GCC_WARN_UNDECLARED_SELECTOR = YES;
				GCC_WARN_UNINITIALIZED_AUTOS = YES_AGGRESSIVE;
				GCC_WARN_UNUSED_FUNCTION = YES;
				GCC_WARN_UNUSED_VARIABLE = YES;
				IPHONEOS_DEPLOYMENT_TARGET = 9.1;
				MTL_ENABLE_DEBUG_INFO = YES;
				ONLY_ACTIVE_ARCH = YES;
				SDKROOT = iphoneos;
				SWIFT_OPTIMIZATION_LEVEL = "-Onone";
			};
			name = Debug;
		};
		ADD7A4C41BFC4685007230BA /* Release */ = {
			isa = XCBuildConfiguration;
			buildSettings = {
				ALWAYS_SEARCH_USER_PATHS = NO;
				CLANG_CXX_LANGUAGE_STANDARD = "gnu++0x";
				CLANG_CXX_LIBRARY = "libc++";
				CLANG_ENABLE_MODULES = YES;
				CLANG_ENABLE_OBJC_ARC = YES;
				CLANG_WARN_BOOL_CONVERSION = YES;
				CLANG_WARN_CONSTANT_CONVERSION = YES;
				CLANG_WARN_DIRECT_OBJC_ISA_USAGE = YES_ERROR;
				CLANG_WARN_EMPTY_BODY = YES;
				CLANG_WARN_ENUM_CONVERSION = YES;
				CLANG_WARN_INT_CONVERSION = YES;
				CLANG_WARN_OBJC_ROOT_CLASS = YES_ERROR;
				CLANG_WARN_UNREACHABLE_CODE = YES;
				CLANG_WARN__DUPLICATE_METHOD_MATCH = YES;
				"CODE_SIGN_IDENTITY[sdk=iphoneos*]" = "iPhone Developer";
				COPY_PHASE_STRIP = NO;
				DEBUG_INFORMATION_FORMAT = "dwarf-with-dsym";
				ENABLE_NS_ASSERTIONS = NO;
				ENABLE_STRICT_OBJC_MSGSEND = YES;
				GCC_C_LANGUAGE_STANDARD = gnu99;
				GCC_NO_COMMON_BLOCKS = YES;
				GCC_WARN_64_TO_32_BIT_CONVERSION = YES;
				GCC_WARN_ABOUT_RETURN_TYPE = YES_ERROR;
				GCC_WARN_UNDECLARED_SELECTOR = YES;
				GCC_WARN_UNINITIALIZED_AUTOS = YES_AGGRESSIVE;
				GCC_WARN_UNUSED_FUNCTION = YES;
				GCC_WARN_UNUSED_VARIABLE = YES;
				IPHONEOS_DEPLOYMENT_TARGET = 9.1;
				MTL_ENABLE_DEBUG_INFO = NO;
				SDKROOT = iphoneos;
				VALIDATE_PRODUCT = YES;
			};
			name = Release;
		};
		ADD7A4C61BFC4685007230BA /* Debug */ = {
			isa = XCBuildConfiguration;
			buildSettings = {
				ASSETCATALOG_COMPILER_APPICON_NAME = AppIcon;
				INFOPLIST_FILE = CheckForPrime/Info.plist;
				LD_RUNPATH_SEARCH_PATHS = "$(inherited) @executable_path/Frameworks";
				PRODUCT_BUNDLE_IDENTIFIER = edu.greenrivertech.net.akwon.CheckForPrime;
				PRODUCT_NAME = "$(TARGET_NAME)";
			};
			name = Debug;
		};
		ADD7A4C71BFC4685007230BA /* Release */ = {
			isa = XCBuildConfiguration;
			buildSettings = {
				ASSETCATALOG_COMPILER_APPICON_NAME = AppIcon;
				INFOPLIST_FILE = CheckForPrime/Info.plist;
				LD_RUNPATH_SEARCH_PATHS = "$(inherited) @executable_path/Frameworks";
				PRODUCT_BUNDLE_IDENTIFIER = edu.greenrivertech.net.akwon.CheckForPrime;
				PRODUCT_NAME = "$(TARGET_NAME)";
			};
			name = Release;
		};
		ADD7A4C91BFC4685007230BA /* Debug */ = {
			isa = XCBuildConfiguration;
			buildSettings = {
				BUNDLE_LOADER = "$(TEST_HOST)";
				INFOPLIST_FILE = CheckForPrimeTests/Info.plist;
				LD_RUNPATH_SEARCH_PATHS = "$(inherited) @executable_path/Frameworks @loader_path/Frameworks";
				PRODUCT_BUNDLE_IDENTIFIER = edu.greenrivertech.net.akwon.CheckForPrimeTests;
				PRODUCT_NAME = "$(TARGET_NAME)";
				TEST_HOST = "$(BUILT_PRODUCTS_DIR)/CheckForPrime.app/CheckForPrime";
			};
			name = Debug;
		};
		ADD7A4CA1BFC4685007230BA /* Release */ = {
			isa = XCBuildConfiguration;
			buildSettings = {
				BUNDLE_LOADER = "$(TEST_HOST)";
				INFOPLIST_FILE = CheckForPrimeTests/Info.plist;
				LD_RUNPATH_SEARCH_PATHS = "$(inherited) @executable_path/Frameworks @loader_path/Frameworks";
				PRODUCT_BUNDLE_IDENTIFIER = edu.greenrivertech.net.akwon.CheckForPrimeTests;
				PRODUCT_NAME = "$(TARGET_NAME)";
				TEST_HOST = "$(BUILT_PRODUCTS_DIR)/CheckForPrime.app/CheckForPrime";
			};
			name = Release;
		};
		ADD7A4CC1BFC4685007230BA /* Debug */ = {
			isa = XCBuildConfiguration;
			buildSettings = {
				INFOPLIST_FILE = CheckForPrimeUITests/Info.plist;
				LD_RUNPATH_SEARCH_PATHS = "$(inherited) @executable_path/Frameworks @loader_path/Frameworks";
				PRODUCT_BUNDLE_IDENTIFIER = edu.greenrivertech.net.akwon.CheckForPrimeUITests;
				PRODUCT_NAME = "$(TARGET_NAME)";
				TEST_TARGET_NAME = CheckForPrime;
				USES_XCTRUNNER = YES;
			};
			name = Debug;
		};
		ADD7A4CD1BFC4685007230BA /* Release */ = {
			isa = XCBuildConfiguration;
			buildSettings = {
				INFOPLIST_FILE = CheckForPrimeUITests/Info.plist;
				LD_RUNPATH_SEARCH_PATHS = "$(inherited) @executable_path/Frameworks @loader_path/Frameworks";
				PRODUCT_BUNDLE_IDENTIFIER = edu.greenrivertech.net.akwon.CheckForPrimeUITests;
				PRODUCT_NAME = "$(TARGET_NAME)";
				TEST_TARGET_NAME = CheckForPrime;
				USES_XCTRUNNER = YES;
			};
			name = Release;
		};
/* End XCBuildConfiguration section */

/* Begin XCConfigurationList section */
		ADD7A4981BFC4684007230BA /* Build configuration list for PBXProject "CheckForPrime" */ = {
			isa = XCConfigurationList;
			buildConfigurations = (
				ADD7A4C31BFC4685007230BA /* Debug */,
				ADD7A4C41BFC4685007230BA /* Release */,
			);
			defaultConfigurationIsVisible = 0;
			defaultConfigurationName = Release;
		};
		ADD7A4C51BFC4685007230BA /* Build configuration list for PBXNativeTarget "CheckForPrime" */ = {
			isa = XCConfigurationList;
			buildConfigurations = (
				ADD7A4C61BFC4685007230BA /* Debug */,
				ADD7A4C71BFC4685007230BA /* Release */,
			);
			defaultConfigurationIsVisible = 0;
			defaultConfigurationName = Release;
		};
		ADD7A4C81BFC4685007230BA /* Build configuration list for PBXNativeTarget "CheckForPrimeTests" */ = {
			isa = XCConfigurationList;
			buildConfigurations = (
				ADD7A4C91BFC4685007230BA /* Debug */,
				ADD7A4CA1BFC4685007230BA /* Release */,
			);
			defaultConfigurationIsVisible = 0;
			defaultConfigurationName = Release;
		};
		ADD7A4CB1BFC4685007230BA /* Build configuration list for PBXNativeTarget "CheckForPrimeUITests" */ = {
			isa = XCConfigurationList;
			buildConfigurations = (
				ADD7A4CC1BFC4685007230BA /* Debug */,
				ADD7A4CD1BFC4685007230BA /* Release */,
			);
			defaultConfigurationIsVisible = 0;
			defaultConfigurationName = Release;
		};
/* End XCConfigurationList section */
	};
	rootObject = ADD7A4951BFC4684007230BA /* Project object */;
}
